// !$*UTF8*$!
{
	archiveVersion = 1;
	classes = {
	};
	objectVersion = 50;
	objects = {

/* Begin PBXBuildFile section */
		EEB8601624A1EBD100EBFDF9 /* LevelSelectionViewController.swift in Sources */ = {isa = PBXBuildFile; fileRef = EEB8601524A1EBD100EBFDF9 /* LevelSelectionViewController.swift */; };
		EEB8601824A1EBF500EBFDF9 /* LevelMakerViewController.swift in Sources */ = {isa = PBXBuildFile; fileRef = EEB8601724A1EBF500EBFDF9 /* LevelMakerViewController.swift */; };
		EEB8601A24A1ED0E00EBFDF9 /* LevelBrowserViewController.swift in Sources */ = {isa = PBXBuildFile; fileRef = EEB8601924A1ED0E00EBFDF9 /* LevelBrowserViewController.swift */; };
		EEB8601C24A1ED6900EBFDF9 /* PlayerViewController.swift in Sources */ = {isa = PBXBuildFile; fileRef = EEB8601B24A1ED6900EBFDF9 /* PlayerViewController.swift */; };
		EEB8601F24A1EE8E00EBFDF9 /* Debugger.xcdatamodeld in Sources */ = {isa = PBXBuildFile; fileRef = EEB8601D24A1EE8E00EBFDF9 /* Debugger.xcdatamodeld */; };
		EEB8602124A1F57200EBFDF9 /* DataController.swift in Sources */ = {isa = PBXBuildFile; fileRef = EEB8602024A1F57200EBFDF9 /* DataController.swift */; };
		EEB8602324A1FDE700EBFDF9 /* Secrets.swift in Sources */ = {isa = PBXBuildFile; fileRef = EEB8602224A1FDE700EBFDF9 /* Secrets.swift */; };
		EED6C58C24A1E07A008CFBBD /* AppDelegate.swift in Sources */ = {isa = PBXBuildFile; fileRef = EED6C58B24A1E07A008CFBBD /* AppDelegate.swift */; };
		EED6C58E24A1E07A008CFBBD /* SceneDelegate.swift in Sources */ = {isa = PBXBuildFile; fileRef = EED6C58D24A1E07A008CFBBD /* SceneDelegate.swift */; };
		EED6C59024A1E07A008CFBBD /* WelcomeViewController.swift in Sources */ = {isa = PBXBuildFile; fileRef = EED6C58F24A1E07A008CFBBD /* WelcomeViewController.swift */; };
		EED6C59324A1E07A008CFBBD /* Main.storyboard in Resources */ = {isa = PBXBuildFile; fileRef = EED6C59124A1E07A008CFBBD /* Main.storyboard */; };
		EED6C59524A1E07B008CFBBD /* Assets.xcassets in Resources */ = {isa = PBXBuildFile; fileRef = EED6C59424A1E07B008CFBBD /* Assets.xcassets */; };
		EED6C59824A1E07B008CFBBD /* LaunchScreen.storyboard in Resources */ = {isa = PBXBuildFile; fileRef = EED6C59624A1E07B008CFBBD /* LaunchScreen.storyboard */; };
/* End PBXBuildFile section */

/* Begin PBXFileReference section */
		EEB8601524A1EBD100EBFDF9 /* LevelSelectionViewController.swift */ = {isa = PBXFileReference; lastKnownFileType = sourcecode.swift; path = LevelSelectionViewController.swift; sourceTree = "<group>"; };
		EEB8601724A1EBF500EBFDF9 /* LevelMakerViewController.swift */ = {isa = PBXFileReference; lastKnownFileType = sourcecode.swift; path = LevelMakerViewController.swift; sourceTree = "<group>"; };
		EEB8601924A1ED0E00EBFDF9 /* LevelBrowserViewController.swift */ = {isa = PBXFileReference; lastKnownFileType = sourcecode.swift; path = LevelBrowserViewController.swift; sourceTree = "<group>"; };
		EEB8601B24A1ED6900EBFDF9 /* PlayerViewController.swift */ = {isa = PBXFileReference; lastKnownFileType = sourcecode.swift; path = PlayerViewController.swift; sourceTree = "<group>"; };
		EEB8601E24A1EE8E00EBFDF9 /* Debugger.xcdatamodel */ = {isa = PBXFileReference; lastKnownFileType = wrapper.xcdatamodel; path = Debugger.xcdatamodel; sourceTree = "<group>"; };
		EEB8602024A1F57200EBFDF9 /* DataController.swift */ = {isa = PBXFileReference; lastKnownFileType = sourcecode.swift; path = DataController.swift; sourceTree = "<group>"; };
		EEB8602224A1FDE700EBFDF9 /* Secrets.swift */ = {isa = PBXFileReference; lastKnownFileType = sourcecode.swift; path = Secrets.swift; sourceTree = "<group>"; };
		EED6C58824A1E07A008CFBBD /* Debugger.app */ = {isa = PBXFileReference; explicitFileType = wrapper.application; includeInIndex = 0; path = Debugger.app; sourceTree = BUILT_PRODUCTS_DIR; };
		EED6C58B24A1E07A008CFBBD /* AppDelegate.swift */ = {isa = PBXFileReference; lastKnownFileType = sourcecode.swift; path = AppDelegate.swift; sourceTree = "<group>"; };
		EED6C58D24A1E07A008CFBBD /* SceneDelegate.swift */ = {isa = PBXFileReference; lastKnownFileType = sourcecode.swift; path = SceneDelegate.swift; sourceTree = "<group>"; };
		EED6C58F24A1E07A008CFBBD /* WelcomeViewController.swift */ = {isa = PBXFileReference; lastKnownFileType = sourcecode.swift; path = WelcomeViewController.swift; sourceTree = "<group>"; };
		EED6C59224A1E07A008CFBBD /* Base */ = {isa = PBXFileReference; lastKnownFileType = file.storyboard; name = Base; path = Base.lproj/Main.storyboard; sourceTree = "<group>"; };
		EED6C59424A1E07B008CFBBD /* Assets.xcassets */ = {isa = PBXFileReference; lastKnownFileType = folder.assetcatalog; path = Assets.xcassets; sourceTree = "<group>"; };
		EED6C59724A1E07B008CFBBD /* Base */ = {isa = PBXFileReference; lastKnownFileType = file.storyboard; name = Base; path = Base.lproj/LaunchScreen.storyboard; sourceTree = "<group>"; };
		EED6C59924A1E07B008CFBBD /* Info.plist */ = {isa = PBXFileReference; lastKnownFileType = text.plist.xml; path = Info.plist; sourceTree = "<group>"; };
/* End PBXFileReference section */

/* Begin PBXFrameworksBuildPhase section */
		EED6C58524A1E07A008CFBBD /* Frameworks */ = {
			isa = PBXFrameworksBuildPhase;
			buildActionMask = 2147483647;
			files = (
			);
			runOnlyForDeploymentPostprocessing = 0;
		};
/* End PBXFrameworksBuildPhase section */

/* Begin PBXGroup section */
		EEB8601124A1E8F100EBFDF9 /* Controller */ = {
			isa = PBXGroup;
			children = (
				EED6C58B24A1E07A008CFBBD /* AppDelegate.swift */,
				EED6C58D24A1E07A008CFBBD /* SceneDelegate.swift */,
				EED6C58F24A1E07A008CFBBD /* WelcomeViewController.swift */,
				EEB8601524A1EBD100EBFDF9 /* LevelSelectionViewController.swift */,
				EEB8601724A1EBF500EBFDF9 /* LevelMakerViewController.swift */,
				EEB8601924A1ED0E00EBFDF9 /* LevelBrowserViewController.swift */,
				EEB8601B24A1ED6900EBFDF9 /* PlayerViewController.swift */,
			);
			name = Controller;
			sourceTree = "<group>";
		};
		EEB8601224A1E8FA00EBFDF9 /* View */ = {
			isa = PBXGroup;
			children = (
				EED6C59124A1E07A008CFBBD /* Main.storyboard */,
				EED6C59624A1E07B008CFBBD /* LaunchScreen.storyboard */,
			);
			name = View;
			sourceTree = "<group>";
		};
		EEB8601324A1E93600EBFDF9 /* Model */ = {
			isa = PBXGroup;
			children = (
				EEB8602224A1FDE700EBFDF9 /* Secrets.swift */,
				EEB8601424A1E94C00EBFDF9 /* Data */,
			);
			name = Model;
			sourceTree = "<group>";
		};
		EEB8601424A1E94C00EBFDF9 /* Data */ = {
			isa = PBXGroup;
			children = (
				EEB8601D24A1EE8E00EBFDF9 /* Debugger.xcdatamodeld */,
				EEB8602024A1F57200EBFDF9 /* DataController.swift */,
			);
			name = Data;
			sourceTree = "<group>";
		};
		EED6C57F24A1E07A008CFBBD = {
			isa = PBXGroup;
			children = (
				EED6C58A24A1E07A008CFBBD /* Debugger */,
				EED6C58924A1E07A008CFBBD /* Products */,
			);
			sourceTree = "<group>";
		};
		EED6C58924A1E07A008CFBBD /* Products */ = {
			isa = PBXGroup;
			children = (
				EED6C58824A1E07A008CFBBD /* Debugger.app */,
			);
			name = Products;
			sourceTree = "<group>";
		};
		EED6C58A24A1E07A008CFBBD /* Debugger */ = {
			isa = PBXGroup;
			children = (
				EEB8601324A1E93600EBFDF9 /* Model */,
				EEB8601124A1E8F100EBFDF9 /* Controller */,
				EEB8601224A1E8FA00EBFDF9 /* View */,
				EED6C59424A1E07B008CFBBD /* Assets.xcassets */,
				EED6C59924A1E07B008CFBBD /* Info.plist */,
			);
			path = Debugger;
			sourceTree = "<group>";
		};
/* End PBXGroup section */

/* Begin PBXNativeTarget section */
		EED6C58724A1E07A008CFBBD /* Debugger */ = {
			isa = PBXNativeTarget;
			buildConfigurationList = EED6C59C24A1E07B008CFBBD /* Build configuration list for PBXNativeTarget "Debugger" */;
			buildPhases = (
				EED6C58424A1E07A008CFBBD /* Sources */,
				EED6C58524A1E07A008CFBBD /* Frameworks */,
				EED6C58624A1E07A008CFBBD /* Resources */,
			);
			buildRules = (
			);
			dependencies = (
			);
			name = Debugger;
			productName = Debugger;
			productReference = EED6C58824A1E07A008CFBBD /* Debugger.app */;
			productType = "com.apple.product-type.application";
		};
/* End PBXNativeTarget section */

/* Begin PBXProject section */
		EED6C58024A1E07A008CFBBD /* Project object */ = {
			isa = PBXProject;
			attributes = {
				LastSwiftUpdateCheck = 1150;
				LastUpgradeCheck = 1150;
				ORGANIZATIONNAME = "Gerry Low";
				TargetAttributes = {
					EED6C58724A1E07A008CFBBD = {
						CreatedOnToolsVersion = 11.5;
					};
				};
			};
			buildConfigurationList = EED6C58324A1E07A008CFBBD /* Build configuration list for PBXProject "Debugger" */;
			compatibilityVersion = "Xcode 9.3";
			developmentRegion = en;
			hasScannedForEncodings = 0;
			knownRegions = (
				en,
				Base,
			);
			mainGroup = EED6C57F24A1E07A008CFBBD;
			productRefGroup = EED6C58924A1E07A008CFBBD /* Products */;
			projectDirPath = "";
			projectRoot = "";
			targets = (
				EED6C58724A1E07A008CFBBD /* Debugger */,
			);
		};
/* End PBXProject section */

/* Begin PBXResourcesBuildPhase section */
		EED6C58624A1E07A008CFBBD /* Resources */ = {
			isa = PBXResourcesBuildPhase;
			buildActionMask = 2147483647;
			files = (
				EED6C59824A1E07B008CFBBD /* LaunchScreen.storyboard in Resources */,
				EED6C59524A1E07B008CFBBD /* Assets.xcassets in Resources */,
				EED6C59324A1E07A008CFBBD /* Main.storyboard in Resources */,
			);
			runOnlyForDeploymentPostprocessing = 0;
		};
/* End PBXResourcesBuildPhase section */

/* Begin PBXSourcesBuildPhase section */
		EED6C58424A1E07A008CFBBD /* Sources */ = {
			isa = PBXSourcesBuildPhase;
			buildActionMask = 2147483647;
			files = (
				EEB8601824A1EBF500EBFDF9 /* LevelMakerViewController.swift in Sources */,
				EEB8602324A1FDE700EBFDF9 /* Secrets.swift in Sources */,
				EED6C59024A1E07A008CFBBD /* WelcomeViewController.swift in Sources */,
				EEB8601F24A1EE8E00EBFDF9 /* Debugger.xcdatamodeld in Sources */,
				EEB8601A24A1ED0E00EBFDF9 /* LevelBrowserViewController.swift in Sources */,
				EEB8602124A1F57200EBFDF9 /* DataController.swift in Sources */,
				EEB8601C24A1ED6900EBFDF9 /* PlayerViewController.swift in Sources */,
				EED6C58C24A1E07A008CFBBD /* AppDelegate.swift in Sources */,
				EEB8601624A1EBD100EBFDF9 /* LevelSelectionViewController.swift in Sources */,
				EED6C58E24A1E07A008CFBBD /* SceneDelegate.swift in Sources */,
			);
			runOnlyForDeploymentPostprocessing = 0;
		};
/* End PBXSourcesBuildPhase section */

/* Begin PBXVariantGroup section */
		EED6C59124A1E07A008CFBBD /* Main.storyboard */ = {
			isa = PBXVariantGroup;
			children = (
				EED6C59224A1E07A008CFBBD /* Base */,
			);
			name = Main.storyboard;
			sourceTree = "<group>";
		};
		EED6C59624A1E07B008CFBBD /* LaunchScreen.storyboard */ = {
			isa = PBXVariantGroup;
			children = (
				EED6C59724A1E07B008CFBBD /* Base */,
			);
			name = LaunchScreen.storyboard;
			sourceTree = "<group>";
		};
/* End PBXVariantGroup section */

/* Begin XCBuildConfiguration section */
		EED6C59A24A1E07B008CFBBD /* Debug */ = {
			isa = XCBuildConfiguration;
			buildSettings = {
				ALWAYS_SEARCH_USER_PATHS = NO;
				CLANG_ANALYZER_NONNULL = YES;
				CLANG_ANALYZER_NUMBER_OBJECT_CONVERSION = YES_AGGRESSIVE;
				CLANG_CXX_LANGUAGE_STANDARD = "gnu++14";
				CLANG_CXX_LIBRARY = "libc++";
				CLANG_ENABLE_MODULES = YES;
				CLANG_ENABLE_OBJC_ARC = YES;
				CLANG_ENABLE_OBJC_WEAK = YES;
				CLANG_WARN_BLOCK_CAPTURE_AUTORELEASING = YES;
				CLANG_WARN_BOOL_CONVERSION = YES;
				CLANG_WARN_COMMA = YES;
				CLANG_WARN_CONSTANT_CONVERSION = YES;
				CLANG_WARN_DEPRECATED_OBJC_IMPLEMENTATIONS = YES;
				CLANG_WARN_DIRECT_OBJC_ISA_USAGE = YES_ERROR;
				CLANG_WARN_DOCUMENTATION_COMMENTS = YES;
				CLANG_WARN_EMPTY_BODY = YES;
				CLANG_WARN_ENUM_CONVERSION = YES;
				CLANG_WARN_INFINITE_RECURSION = YES;
				CLANG_WARN_INT_CONVERSION = YES;
				CLANG_WARN_NON_LITERAL_NULL_CONVERSION = YES;
				CLANG_WARN_OBJC_IMPLICIT_RETAIN_SELF = YES;
				CLANG_WARN_OBJC_LITERAL_CONVERSION = YES;
				CLANG_WARN_OBJC_ROOT_CLASS = YES_ERROR;
				CLANG_WARN_RANGE_LOOP_ANALYSIS = YES;
				CLANG_WARN_STRICT_PROTOTYPES = YES;
				CLANG_WARN_SUSPICIOUS_MOVE = YES;
				CLANG_WARN_UNGUARDED_AVAILABILITY = YES_AGGRESSIVE;
				CLANG_WARN_UNREACHABLE_CODE = YES;
				CLANG_WARN__DUPLICATE_METHOD_MATCH = YES;
				COPY_PHASE_STRIP = NO;
				DEBUG_INFORMATION_FORMAT = dwarf;
				ENABLE_STRICT_OBJC_MSGSEND = YES;
				ENABLE_TESTABILITY = YES;
				GCC_C_LANGUAGE_STANDARD = gnu11;
				GCC_DYNAMIC_NO_PIC = NO;
				GCC_NO_COMMON_BLOCKS = YES;
				GCC_OPTIMIZATION_LEVEL = 0;
				GCC_PREPROCESSOR_DEFINITIONS = (
					"DEBUG=1",
					"$(inherited)",
				);
				GCC_WARN_64_TO_32_BIT_CONVERSION = YES;
				GCC_WARN_ABOUT_RETURN_TYPE = YES_ERROR;
				GCC_WARN_UNDECLARED_SELECTOR = YES;
				GCC_WARN_UNINITIALIZED_AUTOS = YES_AGGRESSIVE;
				GCC_WARN_UNUSED_FUNCTION = YES;
				GCC_WARN_UNUSED_VARIABLE = YES;
				IPHONEOS_DEPLOYMENT_TARGET = 13.5;
				MTL_ENABLE_DEBUG_INFO = INCLUDE_SOURCE;
				MTL_FAST_MATH = YES;
				ONLY_ACTIVE_ARCH = YES;
				SDKROOT = iphoneos;
				SWIFT_ACTIVE_COMPILATION_CONDITIONS = DEBUG;
				SWIFT_OPTIMIZATION_LEVEL = "-Onone";
			};
			name = Debug;
		};
		EED6C59B24A1E07B008CFBBD /* Release */ = {
			isa = XCBuildConfiguration;
			buildSettings = {
				ALWAYS_SEARCH_USER_PATHS = NO;
				CLANG_ANALYZER_NONNULL = YES;
				CLANG_ANALYZER_NUMBER_OBJECT_CONVERSION = YES_AGGRESSIVE;
				CLANG_CXX_LANGUAGE_STANDARD = "gnu++14";
				CLANG_CXX_LIBRARY = "libc++";
				CLANG_ENABLE_MODULES = YES;
				CLANG_ENABLE_OBJC_ARC = YES;
				CLANG_ENABLE_OBJC_WEAK = YES;
				CLANG_WARN_BLOCK_CAPTURE_AUTORELEASING = YES;
				CLANG_WARN_BOOL_CONVERSION = YES;
				CLANG_WARN_COMMA = YES;
				CLANG_WARN_CONSTANT_CONVERSION = YES;
				CLANG_WARN_DEPRECATED_OBJC_IMPLEMENTATIONS = YES;
				CLANG_WARN_DIRECT_OBJC_ISA_USAGE = YES_ERROR;
				CLANG_WARN_DOCUMENTATION_COMMENTS = YES;
				CLANG_WARN_EMPTY_BODY = YES;
				CLANG_WARN_ENUM_CONVERSION = YES;
				CLANG_WARN_INFINITE_RECURSION = YES;
				CLANG_WARN_INT_CONVERSION = YES;
				CLANG_WARN_NON_LITERAL_NULL_CONVERSION = YES;
				CLANG_WARN_OBJC_IMPLICIT_RETAIN_SELF = YES;
				CLANG_WARN_OBJC_LITERAL_CONVERSION = YES;
				CLANG_WARN_OBJC_ROOT_CLASS = YES_ERROR;
				CLANG_WARN_RANGE_LOOP_ANALYSIS = YES;
				CLANG_WARN_STRICT_PROTOTYPES = YES;
				CLANG_WARN_SUSPICIOUS_MOVE = YES;
				CLANG_WARN_UNGUARDED_AVAILABILITY = YES_AGGRESSIVE;
				CLANG_WARN_UNREACHABLE_CODE = YES;
				CLANG_WARN__DUPLICATE_METHOD_MATCH = YES;
				COPY_PHASE_STRIP = NO;
				DEBUG_INFORMATION_FORMAT = "dwarf-with-dsym";
				ENABLE_NS_ASSERTIONS = NO;
				ENABLE_STRICT_OBJC_MSGSEND = YES;
				GCC_C_LANGUAGE_STANDARD = gnu11;
				GCC_NO_COMMON_BLOCKS = YES;
				GCC_WARN_64_TO_32_BIT_CONVERSION = YES;
				GCC_WARN_ABOUT_RETURN_TYPE = YES_ERROR;
				GCC_WARN_UNDECLARED_SELECTOR = YES;
				GCC_WARN_UNINITIALIZED_AUTOS = YES_AGGRESSIVE;
				GCC_WARN_UNUSED_FUNCTION = YES;
				GCC_WARN_UNUSED_VARIABLE = YES;
				IPHONEOS_DEPLOYMENT_TARGET = 13.5;
				MTL_ENABLE_DEBUG_INFO = NO;
				MTL_FAST_MATH = YES;
				SDKROOT = iphoneos;
				SWIFT_COMPILATION_MODE = wholemodule;
				SWIFT_OPTIMIZATION_LEVEL = "-O";
				VALIDATE_PRODUCT = YES;
			};
			name = Release;
		};
		EED6C59D24A1E07B008CFBBD /* Debug */ = {
			isa = XCBuildConfiguration;
			buildSettings = {
				ASSETCATALOG_COMPILER_APPICON_NAME = AppIcon;
				CODE_SIGN_STYLE = Automatic;
				DEVELOPMENT_TEAM = TU6WP44FZA;
				INFOPLIST_FILE = Debugger/Info.plist;
				LD_RUNPATH_SEARCH_PATHS = (
					"$(inherited)",
					"@executable_path/Frameworks",
				);
				PRODUCT_BUNDLE_IDENTIFIER = com.nanodegree.Debugger;
				PRODUCT_NAME = "$(TARGET_NAME)";
				SWIFT_VERSION = 5.0;
				TARGETED_DEVICE_FAMILY = "1,2";
			};
			name = Debug;
		};
		EED6C59E24A1E07B008CFBBD /* Release */ = {
			isa = XCBuildConfiguration;
			buildSettings = {
				ASSETCATALOG_COMPILER_APPICON_NAME = AppIcon;
				CODE_SIGN_STYLE = Automatic;
				DEVELOPMENT_TEAM = TU6WP44FZA;
				INFOPLIST_FILE = Debugger/Info.plist;
				LD_RUNPATH_SEARCH_PATHS = (
					"$(inherited)",
					"@executable_path/Frameworks",
				);
				PRODUCT_BUNDLE_IDENTIFIER = com.nanodegree.Debugger;
				PRODUCT_NAME = "$(TARGET_NAME)";
				SWIFT_VERSION = 5.0;
				TARGETED_DEVICE_FAMILY = "1,2";
			};
			name = Release;
		};
/* End XCBuildConfiguration section */

/* Begin XCConfigurationList section */
		EED6C58324A1E07A008CFBBD /* Build configuration list for PBXProject "Debugger" */ = {
			isa = XCConfigurationList;
			buildConfigurations = (
				EED6C59A24A1E07B008CFBBD /* Debug */,
				EED6C59B24A1E07B008CFBBD /* Release */,
			);
			defaultConfigurationIsVisible = 0;
			defaultConfigurationName = Release;
		};
		EED6C59C24A1E07B008CFBBD /* Build configuration list for PBXNativeTarget "Debugger" */ = {
			isa = XCConfigurationList;
			buildConfigurations = (
				EED6C59D24A1E07B008CFBBD /* Debug */,
				EED6C59E24A1E07B008CFBBD /* Release */,
			);
			defaultConfigurationIsVisible = 0;
			defaultConfigurationName = Release;
		};
/* End XCConfigurationList section */

/* Begin XCVersionGroup section */
		EEB8601D24A1EE8E00EBFDF9 /* Debugger.xcdatamodeld */ = {
			isa = XCVersionGroup;
			children = (
				EEB8601E24A1EE8E00EBFDF9 /* Debugger.xcdatamodel */,
			);
			currentVersion = EEB8601E24A1EE8E00EBFDF9 /* Debugger.xcdatamodel */;
			path = Debugger.xcdatamodeld;
			sourceTree = "<group>";
			versionGroupType = wrapper.xcdatamodel;
		};
/* End XCVersionGroup section */
	};
	rootObject = EED6C58024A1E07A008CFBBD /* Project object */;
}
